// !$*UTF8*$!
{
	archiveVersion = 1;
	classes = {
	};
	objectVersion = 55;
	objects = {

/* Begin PBXBuildFile section */
		C336FFEE280CE1E20082A062 /* ThreesApp.swift in Sources */ = {isa = PBXBuildFile; fileRef = C336FFED280CE1E20082A062 /* ThreesApp.swift */; };
		C336FFF0280CE1E20082A062 /* MainView.swift in Sources */ = {isa = PBXBuildFile; fileRef = C336FFEF280CE1E20082A062 /* MainView.swift */; };
		C336FFF2280CE1E30082A062 /* Assets.xcassets in Resources */ = {isa = PBXBuildFile; fileRef = C336FFF1280CE1E30082A062 /* Assets.xcassets */; };
		C336FFF5280CE1E30082A062 /* Preview Assets.xcassets in Resources */ = {isa = PBXBuildFile; fileRef = C336FFF4280CE1E30082A062 /* Preview Assets.xcassets */; };
		C336FFFC280CE2F00082A062 /* model.swift in Sources */ = {isa = PBXBuildFile; fileRef = C336FFFB280CE2F00082A062 /* model.swift */; };
		C336FFFE280CE3240082A062 /* Random.swift in Sources */ = {isa = PBXBuildFile; fileRef = C336FFFD280CE3240082A062 /* Random.swift */; };
		C3D10FA6280DF42D0026F88F /* TestNum.swift in Sources */ = {isa = PBXBuildFile; fileRef = C3D10FA5280DF42D0026F88F /* TestNum.swift */; };
		C3D10FA8280E522C0026F88F /* ContentView.swift in Sources */ = {isa = PBXBuildFile; fileRef = C3D10FA7280E522C0026F88F /* ContentView.swift */; };
		C3D10FAA280E52E30026F88F /* Scores.swift in Sources */ = {isa = PBXBuildFile; fileRef = C3D10FA9280E52E30026F88F /* Scores.swift */; };
		C3D10FAC280E52EF0026F88F /* About.swift in Sources */ = {isa = PBXBuildFile; fileRef = C3D10FAB280E52EF0026F88F /* About.swift */; };
/* End PBXBuildFile section */

/* Begin PBXFileReference section */
		C336FFEA280CE1E20082A062 /* Threes.app */ = {isa = PBXFileReference; explicitFileType = wrapper.application; includeInIndex = 0; path = Threes.app; sourceTree = BUILT_PRODUCTS_DIR; };
		C336FFED280CE1E20082A062 /* ThreesApp.swift */ = {isa = PBXFileReference; lastKnownFileType = sourcecode.swift; path = ThreesApp.swift; sourceTree = "<group>"; };
		C336FFEF280CE1E20082A062 /* MainView.swift */ = {isa = PBXFileReference; lastKnownFileType = sourcecode.swift; path = MainView.swift; sourceTree = "<group>"; };
		C336FFF1280CE1E30082A062 /* Assets.xcassets */ = {isa = PBXFileReference; lastKnownFileType = folder.assetcatalog; path = Assets.xcassets; sourceTree = "<group>"; };
		C336FFF4280CE1E30082A062 /* Preview Assets.xcassets */ = {isa = PBXFileReference; lastKnownFileType = folder.assetcatalog; path = "Preview Assets.xcassets"; sourceTree = "<group>"; };
		C336FFFB280CE2F00082A062 /* model.swift */ = {isa = PBXFileReference; lastKnownFileType = sourcecode.swift; path = model.swift; sourceTree = "<group>"; };
		C336FFFD280CE3240082A062 /* Random.swift */ = {isa = PBXFileReference; lastKnownFileType = sourcecode.swift; path = Random.swift; sourceTree = "<group>"; };
		C3D10FA5280DF42D0026F88F /* TestNum.swift */ = {isa = PBXFileReference; lastKnownFileType = sourcecode.swift; path = TestNum.swift; sourceTree = "<group>"; };
		C3D10FA7280E522C0026F88F /* ContentView.swift */ = {isa = PBXFileReference; lastKnownFileType = sourcecode.swift; path = ContentView.swift; sourceTree = "<group>"; };
		C3D10FA9280E52E30026F88F /* Scores.swift */ = {isa = PBXFileReference; lastKnownFileType = sourcecode.swift; path = Scores.swift; sourceTree = "<group>"; };
		C3D10FAB280E52EF0026F88F /* About.swift */ = {isa = PBXFileReference; lastKnownFileType = sourcecode.swift; path = About.swift; sourceTree = "<group>"; };
/* End PBXFileReference section */

/* Begin PBXFrameworksBuildPhase section */
		C336FFE7280CE1E20082A062 /* Frameworks */ = {
			isa = PBXFrameworksBuildPhase;
			buildActionMask = 2147483647;
			files = (
			);
			runOnlyForDeploymentPostprocessing = 0;
		};
/* End PBXFrameworksBuildPhase section */

/* Begin PBXGroup section */
		C336FFE1280CE1E20082A062 = {
			isa = PBXGroup;
			children = (
				C336FFEC280CE1E20082A062 /* Threes */,
				C336FFEB280CE1E20082A062 /* Products */,
			);
			sourceTree = "<group>";
		};
		C336FFEB280CE1E20082A062 /* Products */ = {
			isa = PBXGroup;
			children = (
				C336FFEA280CE1E20082A062 /* Threes.app */,
			);
			name = Products;
			sourceTree = "<group>";
		};
		C336FFEC280CE1E20082A062 /* Threes */ = {
			isa = PBXGroup;
			children = (
				C336FFED280CE1E20082A062 /* ThreesApp.swift */,
				C336FFFD280CE3240082A062 /* Random.swift */,
				C336FFFB280CE2F00082A062 /* model.swift */,
				C336FFF1280CE1E30082A062 /* Assets.xcassets */,
				C3D10FA5280DF42D0026F88F /* TestNum.swift */,
				C3D10FA7280E522C0026F88F /* ContentView.swift */,
				C336FFEF280CE1E20082A062 /* MainView.swift */,
				C3D10FA9280E52E30026F88F /* Scores.swift */,
				C3D10FAB280E52EF0026F88F /* About.swift */,
				C336FFF3280CE1E30082A062 /* Preview Content */,
			);
			path = Threes;
			sourceTree = "<group>";
		};
		C336FFF3280CE1E30082A062 /* Preview Content */ = {
			isa = PBXGroup;
			children = (
				C336FFF4280CE1E30082A062 /* Preview Assets.xcassets */,
			);
			path = "Preview Content";
			sourceTree = "<group>";
		};
/* End PBXGroup section */

/* Begin PBXNativeTarget section */
		C336FFE9280CE1E20082A062 /* Threes */ = {
			isa = PBXNativeTarget;
			buildConfigurationList = C336FFF8280CE1E30082A062 /* Build configuration list for PBXNativeTarget "Threes" */;
			buildPhases = (
				C336FFE6280CE1E20082A062 /* Sources */,
				C336FFE7280CE1E20082A062 /* Frameworks */,
				C336FFE8280CE1E20082A062 /* Resources */,
			);
			buildRules = (
			);
			dependencies = (
			);
			name = Threes;
			productName = assign3;
			productReference = C336FFEA280CE1E20082A062 /* Threes.app */;
			productType = "com.apple.product-type.application";
		};
/* End PBXNativeTarget section */

/* Begin PBXProject section */
		C336FFE2280CE1E20082A062 /* Project object */ = {
			isa = PBXProject;
			attributes = {
				BuildIndependentTargetsInParallel = 1;
				LastSwiftUpdateCheck = 1320;
				LastUpgradeCheck = 1320;
				TargetAttributes = {
					C336FFE9280CE1E20082A062 = {
						CreatedOnToolsVersion = 13.2.1;
					};
				};
			};
			buildConfigurationList = C336FFE5280CE1E20082A062 /* Build configuration list for PBXProject "Threes" */;
			compatibilityVersion = "Xcode 13.0";
			developmentRegion = en;
			hasScannedForEncodings = 0;
			knownRegions = (
				en,
				Base,
			);
			mainGroup = C336FFE1280CE1E20082A062;
			productRefGroup = C336FFEB280CE1E20082A062 /* Products */;
			projectDirPath = "";
			projectRoot = "";
			targets = (
				C336FFE9280CE1E20082A062 /* Threes */,
			);
		};
/* End PBXProject section */

/* Begin PBXResourcesBuildPhase section */
		C336FFE8280CE1E20082A062 /* Resources */ = {
			isa = PBXResourcesBuildPhase;
			buildActionMask = 2147483647;
			files = (
				C336FFF5280CE1E30082A062 /* Preview Assets.xcassets in Resources */,
				C336FFF2280CE1E30082A062 /* Assets.xcassets in Resources */,
			);
			runOnlyForDeploymentPostprocessing = 0;
		};
/* End PBXResourcesBuildPhase section */

/* Begin PBXSourcesBuildPhase section */
		C336FFE6280CE1E20082A062 /* Sources */ = {
			isa = PBXSourcesBuildPhase;
			buildActionMask = 2147483647;
			files = (
				C3D10FA6280DF42D0026F88F /* TestNum.swift in Sources */,
				C3D10FAC280E52EF0026F88F /* About.swift in Sources */,
				C336FFFE280CE3240082A062 /* Random.swift in Sources */,
				C336FFF0280CE1E20082A062 /* MainView.swift in Sources */,
				C3D10FAA280E52E30026F88F /* Scores.swift in Sources */,
				C3D10FA8280E522C0026F88F /* ContentView.swift in Sources */,
				C336FFFC280CE2F00082A062 /* model.swift in Sources */,
				C336FFEE280CE1E20082A062 /* ThreesApp.swift in Sources */,
			);
			runOnlyForDeploymentPostprocessing = 0;
		};
/* End PBXSourcesBuildPhase section */

/* Begin XCBuildConfiguration section */
		C336FFF6280CE1E30082A062 /* Debug */ = {
			isa = XCBuildConfiguration;
			buildSettings = {
				ALWAYS_SEARCH_USER_PATHS = NO;
				CLANG_ANALYZER_NONNULL = YES;
				CLANG_ANALYZER_NUMBER_OBJECT_CONVERSION = YES_AGGRESSIVE;
				CLANG_CXX_LANGUAGE_STANDARD = "gnu++17";
				CLANG_CXX_LIBRARY = "libc++";
				CLANG_ENABLE_MODULES = YES;
				CLANG_ENABLE_OBJC_ARC = YES;
				CLANG_ENABLE_OBJC_WEAK = YES;
				CLANG_WARN_BLOCK_CAPTURE_AUTORELEASING = YES;
				CLANG_WARN_BOOL_CONVERSION = YES;
				CLANG_WARN_COMMA = YES;
				CLANG_WARN_CONSTANT_CONVERSION = YES;
				CLANG_WARN_DEPRECATED_OBJC_IMPLEMENTATIONS = YES;
				CLANG_WARN_DIRECT_OBJC_ISA_USAGE = YES_ERROR;
				CLANG_WARN_DOCUMENTATION_COMMENTS = YES;
				CLANG_WARN_EMPTY_BODY = YES;
				CLANG_WARN_ENUM_CONVERSION = YES;
				CLANG_WARN_INFINITE_RECURSION = YES;
				CLANG_WARN_INT_CONVERSION = YES;
				CLANG_WARN_NON_LITERAL_NULL_CONVERSION = YES;
				CLANG_WARN_OBJC_IMPLICIT_RETAIN_SELF = YES;
				CLANG_WARN_OBJC_LITERAL_CONVERSION = YES;
				CLANG_WARN_OBJC_ROOT_CLASS = YES_ERROR;
				CLANG_WARN_QUOTED_INCLUDE_IN_FRAMEWORK_HEADER = YES;
				CLANG_WARN_RANGE_LOOP_ANALYSIS = YES;
				CLANG_WARN_STRICT_PROTOTYPES = YES;
				CLANG_WARN_SUSPICIOUS_MOVE = YES;
				CLANG_WARN_UNGUARDED_AVAILABILITY = YES_AGGRESSIVE;
				CLANG_WARN_UNREACHABLE_CODE = YES;
				CLANG_WARN__DUPLICATE_METHOD_MATCH = YES;
				COPY_PHASE_STRIP = NO;
				DEBUG_INFORMATION_FORMAT = dwarf;
				ENABLE_STRICT_OBJC_MSGSEND = YES;
				ENABLE_TESTABILITY = YES;
				GCC_C_LANGUAGE_STANDARD = gnu11;
				GCC_DYNAMIC_NO_PIC = NO;
				GCC_NO_COMMON_BLOCKS = YES;
				GCC_OPTIMIZATION_LEVEL = 0;
				GCC_PREPROCESSOR_DEFINITIONS = (
					"DEBUG=1",
					"$(inherited)",
				);
				GCC_WARN_64_TO_32_BIT_CONVERSION = YES;
				GCC_WARN_ABOUT_RETURN_TYPE = YES_ERROR;
				GCC_WARN_UNDECLARED_SELECTOR = YES;
				GCC_WARN_UNINITIALIZED_AUTOS = YES_AGGRESSIVE;
				GCC_WARN_UNUSED_FUNCTION = YES;
				GCC_WARN_UNUSED_VARIABLE = YES;
				IPHONEOS_DEPLOYMENT_TARGET = 15.2;
				MTL_ENABLE_DEBUG_INFO = INCLUDE_SOURCE;
				MTL_FAST_MATH = YES;
				ONLY_ACTIVE_ARCH = YES;
				SDKROOT = iphoneos;
				SWIFT_ACTIVE_COMPILATION_CONDITIONS = DEBUG;
				SWIFT_OPTIMIZATION_LEVEL = "-Onone";
			};
			name = Debug;
		};
		C336FFF7280CE1E30082A062 /* Release */ = {
			isa = XCBuildConfiguration;
			buildSettings = {
				ALWAYS_SEARCH_USER_PATHS = NO;
				CLANG_ANALYZER_NONNULL = YES;
				CLANG_ANALYZER_NUMBER_OBJECT_CONVERSION = YES_AGGRESSIVE;
				CLANG_CXX_LANGUAGE_STANDARD = "gnu++17";
				CLANG_CXX_LIBRARY = "libc++";
				CLANG_ENABLE_MODULES = YES;
				CLANG_ENABLE_OBJC_ARC = YES;
				CLANG_ENABLE_OBJC_WEAK = YES;
				CLANG_WARN_BLOCK_CAPTURE_AUTORELEASING = YES;
				CLANG_WARN_BOOL_CONVERSION = YES;
				CLANG_WARN_COMMA = YES;
				CLANG_WARN_CONSTANT_CONVERSION = YES;
				CLANG_WARN_DEPRECATED_OBJC_IMPLEMENTATIONS = YES;
				CLANG_WARN_DIRECT_OBJC_ISA_USAGE = YES_ERROR;
				CLANG_WARN_DOCUMENTATION_COMMENTS = YES;
				CLANG_WARN_EMPTY_BODY = YES;
				CLANG_WARN_ENUM_CONVERSION = YES;
				CLANG_WARN_INFINITE_RECURSION = YES;
				CLANG_WARN_INT_CONVERSION = YES;
				CLANG_WARN_NON_LITERAL_NULL_CONVERSION = YES;
				CLANG_WARN_OBJC_IMPLICIT_RETAIN_SELF = YES;
				CLANG_WARN_OBJC_LITERAL_CONVERSION = YES;
				CLANG_WARN_OBJC_ROOT_CLASS = YES_ERROR;
				CLANG_WARN_QUOTED_INCLUDE_IN_FRAMEWORK_HEADER = YES;
				CLANG_WARN_RANGE_LOOP_ANALYSIS = YES;
				CLANG_WARN_STRICT_PROTOTYPES = YES;
				CLANG_WARN_SUSPICIOUS_MOVE = YES;
				CLANG_WARN_UNGUARDED_AVAILABILITY = YES_AGGRESSIVE;
				CLANG_WARN_UNREACHABLE_CODE = YES;
				CLANG_WARN__DUPLICATE_METHOD_MATCH = YES;
				COPY_PHASE_STRIP = NO;
				DEBUG_INFORMATION_FORMAT = "dwarf-with-dsym";
				ENABLE_NS_ASSERTIONS = NO;
				ENABLE_STRICT_OBJC_MSGSEND = YES;
				GCC_C_LANGUAGE_STANDARD = gnu11;
				GCC_NO_COMMON_BLOCKS = YES;
				GCC_WARN_64_TO_32_BIT_CONVERSION = YES;
				GCC_WARN_ABOUT_RETURN_TYPE = YES_ERROR;
				GCC_WARN_UNDECLARED_SELECTOR = YES;
				GCC_WARN_UNINITIALIZED_AUTOS = YES_AGGRESSIVE;
				GCC_WARN_UNUSED_FUNCTION = YES;
				GCC_WARN_UNUSED_VARIABLE = YES;
				IPHONEOS_DEPLOYMENT_TARGET = 15.2;
				MTL_ENABLE_DEBUG_INFO = NO;
				MTL_FAST_MATH = YES;
				SDKROOT = iphoneos;
				SWIFT_COMPILATION_MODE = wholemodule;
				SWIFT_OPTIMIZATION_LEVEL = "-O";
				VALIDATE_PRODUCT = YES;
			};
			name = Release;
		};
		C336FFF9280CE1E30082A062 /* Debug */ = {
			isa = XCBuildConfiguration;
			buildSettings = {
				ASSETCATALOG_COMPILER_APPICON_NAME = AppIcon;
				ASSETCATALOG_COMPILER_GLOBAL_ACCENT_COLOR_NAME = AccentColor;
				CODE_SIGN_STYLE = Automatic;
				CURRENT_PROJECT_VERSION = 1;
				DEVELOPMENT_ASSET_PATHS = "\"Threes/Preview Content\"";
				DEVELOPMENT_TEAM = VDQK243822;
				ENABLE_PREVIEWS = YES;
				GENERATE_INFOPLIST_FILE = YES;
				INFOPLIST_KEY_UIApplicationSceneManifest_Generation = YES;
				INFOPLIST_KEY_UIApplicationSupportsIndirectInputEvents = YES;
				INFOPLIST_KEY_UILaunchScreen_Generation = YES;
				INFOPLIST_KEY_UISupportedInterfaceOrientations_iPad = "UIInterfaceOrientationPortrait UIInterfaceOrientationPortraitUpsideDown UIInterfaceOrientationLandscapeLeft UIInterfaceOrientationLandscapeRight";
				INFOPLIST_KEY_UISupportedInterfaceOrientations_iPhone = "UIInterfaceOrientationPortrait UIInterfaceOrientationLandscapeLeft UIInterfaceOrientationLandscapeRight";
				LD_RUNPATH_SEARCH_PATHS = (
					"$(inherited)",
					"@executable_path/Frameworks",
				);
				MARKETING_VERSION = 1.0;
				PRODUCT_BUNDLE_IDENTIFIER = yan.threes;
				PRODUCT_NAME = Threes;
				SWIFT_EMIT_LOC_STRINGS = YES;
				SWIFT_VERSION = 5.0;
				TARGETED_DEVICE_FAMILY = "1,2";
			};
			name = Debug;
		};
		C336FFFA280CE1E30082A062 /* Release */ = {
			isa = XCBuildConfiguration;
			buildSettings = {
				ASSETCATALOG_COMPILER_APPICON_NAME = AppIcon;
				ASSETCATALOG_COMPILER_GLOBAL_ACCENT_COLOR_NAME = AccentColor;
				CODE_SIGN_STYLE = Automatic;
				CURRENT_PROJECT_VERSION = 1;
				DEVELOPMENT_ASSET_PATHS = "\"Threes/Preview Content\"";
				DEVELOPMENT_TEAM = VDQK243822;
				ENABLE_PREVIEWS = YES;
				GENERATE_INFOPLIST_FILE = YES;
				INFOPLIST_KEY_UIApplicationSceneManifest_Generation = YES;
				INFOPLIST_KEY_UIApplicationSupportsIndirectInputEvents = YES;
				INFOPLIST_KEY_UILaunchScreen_Generation = YES;
				INFOPLIST_KEY_UISupportedInterfaceOrientations_iPad = "UIInterfaceOrientationPortrait UIInterfaceOrientationPortraitUpsideDown UIInterfaceOrientationLandscapeLeft UIInterfaceOrientationLandscapeRight";
				INFOPLIST_KEY_UISupportedInterfaceOrientations_iPhone = "UIInterfaceOrientationPortrait UIInterfaceOrientationLandscapeLeft UIInterfaceOrientationLandscapeRight";
				LD_RUNPATH_SEARCH_PATHS = (
					"$(inherited)",
					"@executable_path/Frameworks",
				);
				MARKETING_VERSION = 1.0;
				PRODUCT_BUNDLE_IDENTIFIER = yan.threes;
				PRODUCT_NAME = Threes;
				SWIFT_EMIT_LOC_STRINGS = YES;
				SWIFT_VERSION = 5.0;
				TARGETED_DEVICE_FAMILY = "1,2";
			};
			name = Release;
		};
/* End XCBuildConfiguration section */

/* Begin XCConfigurationList section */
		C336FFE5280CE1E20082A062 /* Build configuration list for PBXProject "Threes" */ = {
			isa = XCConfigurationList;
			buildConfigurations = (
				C336FFF6280CE1E30082A062 /* Debug */,
				C336FFF7280CE1E30082A062 /* Release */,
			);
			defaultConfigurationIsVisible = 0;
			defaultConfigurationName = Release;
		};
		C336FFF8280CE1E30082A062 /* Build configuration list for PBXNativeTarget "Threes" */ = {
			isa = XCConfigurationList;
			buildConfigurations = (
				C336FFF9280CE1E30082A062 /* Debug */,
				C336FFFA280CE1E30082A062 /* Release */,
			);
			defaultConfigurationIsVisible = 0;
			defaultConfigurationName = Release;
		};
/* End XCConfigurationList section */
	};
	rootObject = C336FFE2280CE1E20082A062 /* Project object */;
}
